{
  "name": "Critical-Path-Calculator",
  "lockfileVersion": 3,
  "requires": true,
  "packages": {
    "": {
      "dependencies": {
        "gojs": "^3.0.0"
      }
    },
    "node_modules/gojs": {
      "version": "3.0.0",
      "resolved": "https://registry.npmjs.org/gojs/-/gojs-3.0.0.tgz",
      "integrity": "sha512-M3ZcRPvd3L1Wi8ULm0Aoi6qaUdZwqYjfFBLc57/m+Q0j5i4Uar2uXBkE5QnWr7xUg9Q4Y2K3Jwc+M0DxZpq5hA=="
    }
  }
}
